// !$*UTF8*$!
{
	archiveVersion = 1;
	classes = {
	};
	objectVersion = 55;
	objects = {

/* Begin PBXBuildFile section */
		1199886D2801BDBF00C51066 /* SF-Pro-Text-Light.otf in Resources */ = {isa = PBXBuildFile; fileRef = 1199885B2801BDBD00C51066 /* SF-Pro-Text-Light.otf */; };
		1199886E2801BDBF00C51066 /* SF-Pro-Text-Bold.otf in Resources */ = {isa = PBXBuildFile; fileRef = 1199885C2801BDBD00C51066 /* SF-Pro-Text-Bold.otf */; };
		1199886F2801BDBF00C51066 /* SF-Pro-Text-BoldItalic.otf in Resources */ = {isa = PBXBuildFile; fileRef = 1199885D2801BDBD00C51066 /* SF-Pro-Text-BoldItalic.otf */; };
		119988702801BDBF00C51066 /* SF-Pro-Text-Regular.otf in Resources */ = {isa = PBXBuildFile; fileRef = 1199885E2801BDBD00C51066 /* SF-Pro-Text-Regular.otf */; };
		119988712801BDBF00C51066 /* SF-Pro-Text-LightItalic.otf in Resources */ = {isa = PBXBuildFile; fileRef = 1199885F2801BDBE00C51066 /* SF-Pro-Text-LightItalic.otf */; };
		119988722801BDBF00C51066 /* SF-Pro-Text-MediumItalic.otf in Resources */ = {isa = PBXBuildFile; fileRef = 119988602801BDBE00C51066 /* SF-Pro-Text-MediumItalic.otf */; };
		119988732801BDBF00C51066 /* SF-Pro-Text-Black.otf in Resources */ = {isa = PBXBuildFile; fileRef = 119988612801BDBE00C51066 /* SF-Pro-Text-Black.otf */; };
		119988742801BDBF00C51066 /* SF-Pro-Text-HeavyItalic.otf in Resources */ = {isa = PBXBuildFile; fileRef = 119988622801BDBE00C51066 /* SF-Pro-Text-HeavyItalic.otf */; };
		119988752801BDBF00C51066 /* SF-Pro-Text-BlackItalic.otf in Resources */ = {isa = PBXBuildFile; fileRef = 119988632801BDBE00C51066 /* SF-Pro-Text-BlackItalic.otf */; };
		119988762801BDBF00C51066 /* SF-Pro-Text-ThinItalic.otf in Resources */ = {isa = PBXBuildFile; fileRef = 119988642801BDBE00C51066 /* SF-Pro-Text-ThinItalic.otf */; };
		119988772801BDBF00C51066 /* SF-Pro-Text-Medium.otf in Resources */ = {isa = PBXBuildFile; fileRef = 119988652801BDBE00C51066 /* SF-Pro-Text-Medium.otf */; };
		119988782801BDBF00C51066 /* SF-Pro-Text-Heavy.otf in Resources */ = {isa = PBXBuildFile; fileRef = 119988662801BDBE00C51066 /* SF-Pro-Text-Heavy.otf */; };
		119988792801BDBF00C51066 /* SF-Pro-Text-RegularItalic.otf in Resources */ = {isa = PBXBuildFile; fileRef = 119988672801BDBF00C51066 /* SF-Pro-Text-RegularItalic.otf */; };
		1199887A2801BDBF00C51066 /* SF-Pro-Text-SemiboldItalic.otf in Resources */ = {isa = PBXBuildFile; fileRef = 119988682801BDBF00C51066 /* SF-Pro-Text-SemiboldItalic.otf */; };
		1199887B2801BDBF00C51066 /* SF-Pro-Text-UltralightItalic.otf in Resources */ = {isa = PBXBuildFile; fileRef = 119988692801BDBF00C51066 /* SF-Pro-Text-UltralightItalic.otf */; };
		1199887C2801BDBF00C51066 /* SF-Pro-Text-Ultralight.otf in Resources */ = {isa = PBXBuildFile; fileRef = 1199886A2801BDBF00C51066 /* SF-Pro-Text-Ultralight.otf */; };
		1199887D2801BDBF00C51066 /* SF-Pro-Text-Semibold.otf in Resources */ = {isa = PBXBuildFile; fileRef = 1199886B2801BDBF00C51066 /* SF-Pro-Text-Semibold.otf */; };
		1199887E2801BDBF00C51066 /* SF-Pro-Text-Thin.otf in Resources */ = {isa = PBXBuildFile; fileRef = 1199886C2801BDBF00C51066 /* SF-Pro-Text-Thin.otf */; };
		11A4836328010D1E005D57EC /* MovieService.swift in Sources */ = {isa = PBXBuildFile; fileRef = 11A4836228010D1E005D57EC /* MovieService.swift */; };
		11A483652801B1F1005D57EC /* UpcomingTableView.swift in Sources */ = {isa = PBXBuildFile; fileRef = 11A483642801B1F1005D57EC /* UpcomingTableView.swift */; };
		11A483692801B8A9005D57EC /* UpcomingTableViewCell.swift in Sources */ = {isa = PBXBuildFile; fileRef = 11A483672801B8A9005D57EC /* UpcomingTableViewCell.swift */; };
		11A4836A2801B8A9005D57EC /* UpcomingTableViewCell.xib in Resources */ = {isa = PBXBuildFile; fileRef = 11A483682801B8A9005D57EC /* UpcomingTableViewCell.xib */; };
		11C26B1528010B0F00B7F74F /* MoviesModel.swift in Sources */ = {isa = PBXBuildFile; fileRef = 11C26B1428010B0F00B7F74F /* MoviesModel.swift */; };
		11C83F1528009389003B4521 /* AppDelegate.swift in Sources */ = {isa = PBXBuildFile; fileRef = 11C83F1428009389003B4521 /* AppDelegate.swift */; };
		11C83F1728009389003B4521 /* SceneDelegate.swift in Sources */ = {isa = PBXBuildFile; fileRef = 11C83F1628009389003B4521 /* SceneDelegate.swift */; };
		11C83F1928009389003B4521 /* ViewController.swift in Sources */ = {isa = PBXBuildFile; fileRef = 11C83F1828009389003B4521 /* ViewController.swift */; };
		11C83F1C28009389003B4521 /* Main.storyboard in Resources */ = {isa = PBXBuildFile; fileRef = 11C83F1A28009389003B4521 /* Main.storyboard */; };
		11C83F1E2800938A003B4521 /* Assets.xcassets in Resources */ = {isa = PBXBuildFile; fileRef = 11C83F1D2800938A003B4521 /* Assets.xcassets */; };
		11C83F212800938A003B4521 /* LaunchScreen.storyboard in Resources */ = {isa = PBXBuildFile; fileRef = 11C83F1F2800938A003B4521 /* LaunchScreen.storyboard */; };
		11C83F2C2800938A003B4521 /* IMDb_CaseTests.swift in Sources */ = {isa = PBXBuildFile; fileRef = 11C83F2B2800938A003B4521 /* IMDb_CaseTests.swift */; };
		11C83F362800938A003B4521 /* IMDb_CaseUITests.swift in Sources */ = {isa = PBXBuildFile; fileRef = 11C83F352800938A003B4521 /* IMDb_CaseUITests.swift */; };
		11C83F382800938A003B4521 /* IMDb_CaseUITestsLaunchTests.swift in Sources */ = {isa = PBXBuildFile; fileRef = 11C83F372800938A003B4521 /* IMDb_CaseUITestsLaunchTests.swift */; };
		11C83F4628009430003B4521 /* Alamofire in Frameworks */ = {isa = PBXBuildFile; productRef = 11C83F4528009430003B4521 /* Alamofire */; };
/* End PBXBuildFile section */

/* Begin PBXContainerItemProxy section */
		11C83F282800938A003B4521 /* PBXContainerItemProxy */ = {
			isa = PBXContainerItemProxy;
			containerPortal = 11C83F0928009389003B4521 /* Project object */;
			proxyType = 1;
			remoteGlobalIDString = 11C83F1028009389003B4521;
			remoteInfo = "IMDb Case";
		};
		11C83F322800938A003B4521 /* PBXContainerItemProxy */ = {
			isa = PBXContainerItemProxy;
			containerPortal = 11C83F0928009389003B4521 /* Project object */;
			proxyType = 1;
			remoteGlobalIDString = 11C83F1028009389003B4521;
			remoteInfo = "IMDb Case";
		};
/* End PBXContainerItemProxy section */

/* Begin PBXFileReference section */
		1199885B2801BDBD00C51066 /* SF-Pro-Text-Light.otf */ = {isa = PBXFileReference; lastKnownFileType = file; path = "SF-Pro-Text-Light.otf"; sourceTree = "<group>"; };
		1199885C2801BDBD00C51066 /* SF-Pro-Text-Bold.otf */ = {isa = PBXFileReference; lastKnownFileType = file; path = "SF-Pro-Text-Bold.otf"; sourceTree = "<group>"; };
		1199885D2801BDBD00C51066 /* SF-Pro-Text-BoldItalic.otf */ = {isa = PBXFileReference; lastKnownFileType = file; path = "SF-Pro-Text-BoldItalic.otf"; sourceTree = "<group>"; };
		1199885E2801BDBD00C51066 /* SF-Pro-Text-Regular.otf */ = {isa = PBXFileReference; lastKnownFileType = file; path = "SF-Pro-Text-Regular.otf"; sourceTree = "<group>"; };
		1199885F2801BDBE00C51066 /* SF-Pro-Text-LightItalic.otf */ = {isa = PBXFileReference; lastKnownFileType = file; path = "SF-Pro-Text-LightItalic.otf"; sourceTree = "<group>"; };
		119988602801BDBE00C51066 /* SF-Pro-Text-MediumItalic.otf */ = {isa = PBXFileReference; lastKnownFileType = file; path = "SF-Pro-Text-MediumItalic.otf"; sourceTree = "<group>"; };
		119988612801BDBE00C51066 /* SF-Pro-Text-Black.otf */ = {isa = PBXFileReference; lastKnownFileType = file; path = "SF-Pro-Text-Black.otf"; sourceTree = "<group>"; };
		119988622801BDBE00C51066 /* SF-Pro-Text-HeavyItalic.otf */ = {isa = PBXFileReference; lastKnownFileType = file; path = "SF-Pro-Text-HeavyItalic.otf"; sourceTree = "<group>"; };
		119988632801BDBE00C51066 /* SF-Pro-Text-BlackItalic.otf */ = {isa = PBXFileReference; lastKnownFileType = file; path = "SF-Pro-Text-BlackItalic.otf"; sourceTree = "<group>"; };
		119988642801BDBE00C51066 /* SF-Pro-Text-ThinItalic.otf */ = {isa = PBXFileReference; lastKnownFileType = file; path = "SF-Pro-Text-ThinItalic.otf"; sourceTree = "<group>"; };
		119988652801BDBE00C51066 /* SF-Pro-Text-Medium.otf */ = {isa = PBXFileReference; lastKnownFileType = file; path = "SF-Pro-Text-Medium.otf"; sourceTree = "<group>"; };
		119988662801BDBE00C51066 /* SF-Pro-Text-Heavy.otf */ = {isa = PBXFileReference; lastKnownFileType = file; path = "SF-Pro-Text-Heavy.otf"; sourceTree = "<group>"; };
		119988672801BDBF00C51066 /* SF-Pro-Text-RegularItalic.otf */ = {isa = PBXFileReference; lastKnownFileType = file; path = "SF-Pro-Text-RegularItalic.otf"; sourceTree = "<group>"; };
		119988682801BDBF00C51066 /* SF-Pro-Text-SemiboldItalic.otf */ = {isa = PBXFileReference; lastKnownFileType = file; path = "SF-Pro-Text-SemiboldItalic.otf"; sourceTree = "<group>"; };
		119988692801BDBF00C51066 /* SF-Pro-Text-UltralightItalic.otf */ = {isa = PBXFileReference; lastKnownFileType = file; path = "SF-Pro-Text-UltralightItalic.otf"; sourceTree = "<group>"; };
		1199886A2801BDBF00C51066 /* SF-Pro-Text-Ultralight.otf */ = {isa = PBXFileReference; lastKnownFileType = file; path = "SF-Pro-Text-Ultralight.otf"; sourceTree = "<group>"; };
		1199886B2801BDBF00C51066 /* SF-Pro-Text-Semibold.otf */ = {isa = PBXFileReference; lastKnownFileType = file; path = "SF-Pro-Text-Semibold.otf"; sourceTree = "<group>"; };
		1199886C2801BDBF00C51066 /* SF-Pro-Text-Thin.otf */ = {isa = PBXFileReference; lastKnownFileType = file; path = "SF-Pro-Text-Thin.otf"; sourceTree = "<group>"; };
		11A4836228010D1E005D57EC /* MovieService.swift */ = {isa = PBXFileReference; lastKnownFileType = sourcecode.swift; path = MovieService.swift; sourceTree = "<group>"; };
		11A483642801B1F1005D57EC /* UpcomingTableView.swift */ = {isa = PBXFileReference; lastKnownFileType = sourcecode.swift; path = UpcomingTableView.swift; sourceTree = "<group>"; };
		11A483672801B8A9005D57EC /* UpcomingTableViewCell.swift */ = {isa = PBXFileReference; lastKnownFileType = sourcecode.swift; path = UpcomingTableViewCell.swift; sourceTree = "<group>"; };
		11A483682801B8A9005D57EC /* UpcomingTableViewCell.xib */ = {isa = PBXFileReference; lastKnownFileType = file.xib; path = UpcomingTableViewCell.xib; sourceTree = "<group>"; };
		11C26B1428010B0F00B7F74F /* MoviesModel.swift */ = {isa = PBXFileReference; lastKnownFileType = sourcecode.swift; path = MoviesModel.swift; sourceTree = "<group>"; };
		11C83F1128009389003B4521 /* IMDb Case.app */ = {isa = PBXFileReference; explicitFileType = wrapper.application; includeInIndex = 0; path = "IMDb Case.app"; sourceTree = BUILT_PRODUCTS_DIR; };
		11C83F1428009389003B4521 /* AppDelegate.swift */ = {isa = PBXFileReference; lastKnownFileType = sourcecode.swift; path = AppDelegate.swift; sourceTree = "<group>"; };
		11C83F1628009389003B4521 /* SceneDelegate.swift */ = {isa = PBXFileReference; lastKnownFileType = sourcecode.swift; path = SceneDelegate.swift; sourceTree = "<group>"; };
		11C83F1828009389003B4521 /* ViewController.swift */ = {isa = PBXFileReference; lastKnownFileType = sourcecode.swift; path = ViewController.swift; sourceTree = "<group>"; };
		11C83F1B28009389003B4521 /* Base */ = {isa = PBXFileReference; lastKnownFileType = file.storyboard; name = Base; path = Base.lproj/Main.storyboard; sourceTree = "<group>"; };
		11C83F1D2800938A003B4521 /* Assets.xcassets */ = {isa = PBXFileReference; lastKnownFileType = folder.assetcatalog; path = Assets.xcassets; sourceTree = "<group>"; };
		11C83F202800938A003B4521 /* Base */ = {isa = PBXFileReference; lastKnownFileType = file.storyboard; name = Base; path = Base.lproj/LaunchScreen.storyboard; sourceTree = "<group>"; };
		11C83F222800938A003B4521 /* Info.plist */ = {isa = PBXFileReference; lastKnownFileType = text.plist.xml; path = Info.plist; sourceTree = "<group>"; };
		11C83F272800938A003B4521 /* IMDb CaseTests.xctest */ = {isa = PBXFileReference; explicitFileType = wrapper.cfbundle; includeInIndex = 0; path = "IMDb CaseTests.xctest"; sourceTree = BUILT_PRODUCTS_DIR; };
		11C83F2B2800938A003B4521 /* IMDb_CaseTests.swift */ = {isa = PBXFileReference; lastKnownFileType = sourcecode.swift; path = IMDb_CaseTests.swift; sourceTree = "<group>"; };
		11C83F312800938A003B4521 /* IMDb CaseUITests.xctest */ = {isa = PBXFileReference; explicitFileType = wrapper.cfbundle; includeInIndex = 0; path = "IMDb CaseUITests.xctest"; sourceTree = BUILT_PRODUCTS_DIR; };
		11C83F352800938A003B4521 /* IMDb_CaseUITests.swift */ = {isa = PBXFileReference; lastKnownFileType = sourcecode.swift; path = IMDb_CaseUITests.swift; sourceTree = "<group>"; };
		11C83F372800938A003B4521 /* IMDb_CaseUITestsLaunchTests.swift */ = {isa = PBXFileReference; lastKnownFileType = sourcecode.swift; path = IMDb_CaseUITestsLaunchTests.swift; sourceTree = "<group>"; };
/* End PBXFileReference section */

/* Begin PBXFrameworksBuildPhase section */
		11C83F0E28009389003B4521 /* Frameworks */ = {
			isa = PBXFrameworksBuildPhase;
			buildActionMask = 2147483647;
			files = (
				11C83F4628009430003B4521 /* Alamofire in Frameworks */,
			);
			runOnlyForDeploymentPostprocessing = 0;
		};
		11C83F242800938A003B4521 /* Frameworks */ = {
			isa = PBXFrameworksBuildPhase;
			buildActionMask = 2147483647;
			files = (
			);
			runOnlyForDeploymentPostprocessing = 0;
		};
		11C83F2E2800938A003B4521 /* Frameworks */ = {
			isa = PBXFrameworksBuildPhase;
			buildActionMask = 2147483647;
			files = (
			);
			runOnlyForDeploymentPostprocessing = 0;
		};
/* End PBXFrameworksBuildPhase section */

/* Begin PBXGroup section */
		1199885A2801BD7C00C51066 /* fonts */ = {
			isa = PBXGroup;
			children = (
				119988612801BDBE00C51066 /* SF-Pro-Text-Black.otf */,
				119988632801BDBE00C51066 /* SF-Pro-Text-BlackItalic.otf */,
				1199885C2801BDBD00C51066 /* SF-Pro-Text-Bold.otf */,
				1199885D2801BDBD00C51066 /* SF-Pro-Text-BoldItalic.otf */,
				119988662801BDBE00C51066 /* SF-Pro-Text-Heavy.otf */,
				119988622801BDBE00C51066 /* SF-Pro-Text-HeavyItalic.otf */,
				1199885B2801BDBD00C51066 /* SF-Pro-Text-Light.otf */,
				1199885F2801BDBE00C51066 /* SF-Pro-Text-LightItalic.otf */,
				119988652801BDBE00C51066 /* SF-Pro-Text-Medium.otf */,
				119988602801BDBE00C51066 /* SF-Pro-Text-MediumItalic.otf */,
				1199885E2801BDBD00C51066 /* SF-Pro-Text-Regular.otf */,
				119988672801BDBF00C51066 /* SF-Pro-Text-RegularItalic.otf */,
				1199886B2801BDBF00C51066 /* SF-Pro-Text-Semibold.otf */,
				119988682801BDBF00C51066 /* SF-Pro-Text-SemiboldItalic.otf */,
				1199886C2801BDBF00C51066 /* SF-Pro-Text-Thin.otf */,
				119988642801BDBE00C51066 /* SF-Pro-Text-ThinItalic.otf */,
				1199886A2801BDBF00C51066 /* SF-Pro-Text-Ultralight.otf */,
				119988692801BDBF00C51066 /* SF-Pro-Text-UltralightItalic.otf */,
			);
			path = fonts;
			sourceTree = "<group>";
		};
		11A483662801B830005D57EC /* Cells */ = {
			isa = PBXGroup;
			children = (
				11A483672801B8A9005D57EC /* UpcomingTableViewCell.swift */,
				11A483682801B8A9005D57EC /* UpcomingTableViewCell.xib */,
			);
			path = Cells;
			sourceTree = "<group>";
		};
		11C26B1628010B2500B7F74F /* Core */ = {
			isa = PBXGroup;
			children = (
				11C83F1428009389003B4521 /* AppDelegate.swift */,
				11C83F1628009389003B4521 /* SceneDelegate.swift */,
				11C83F1D2800938A003B4521 /* Assets.xcassets */,
				11C83F1F2800938A003B4521 /* LaunchScreen.storyboard */,
			);
			path = Core;
			sourceTree = "<group>";
		};
		11C83F0828009389003B4521 = {
			isa = PBXGroup;
			children = (
				11C83F1328009389003B4521 /* IMDb Case */,
				11C83F2A2800938A003B4521 /* IMDb CaseTests */,
				11C83F342800938A003B4521 /* IMDb CaseUITests */,
				11C83F1228009389003B4521 /* Products */,
			);
			sourceTree = "<group>";
		};
		11C83F1228009389003B4521 /* Products */ = {
			isa = PBXGroup;
			children = (
				11C83F1128009389003B4521 /* IMDb Case.app */,
				11C83F272800938A003B4521 /* IMDb CaseTests.xctest */,
				11C83F312800938A003B4521 /* IMDb CaseUITests.xctest */,
			);
			name = Products;
			sourceTree = "<group>";
		};
		11C83F1328009389003B4521 /* IMDb Case */ = {
			isa = PBXGroup;
			children = (
				11C83F222800938A003B4521 /* Info.plist */,
				11C26B1628010B2500B7F74F /* Core */,
				11C83F4A2800945F003B4521 /* Network */,
				11C83F4928009458003B4521 /* ViewModel */,
				11C83F4828009450003B4521 /* View */,
				11C83F4728009440003B4521 /* Model */,
				1199885A2801BD7C00C51066 /* fonts */,
			);
			path = "IMDb Case";
			sourceTree = "<group>";
		};
		11C83F2A2800938A003B4521 /* IMDb CaseTests */ = {
			isa = PBXGroup;
			children = (
				11C83F2B2800938A003B4521 /* IMDb_CaseTests.swift */,
			);
			path = "IMDb CaseTests";
			sourceTree = "<group>";
		};
		11C83F342800938A003B4521 /* IMDb CaseUITests */ = {
			isa = PBXGroup;
			children = (
				11C83F352800938A003B4521 /* IMDb_CaseUITests.swift */,
				11C83F372800938A003B4521 /* IMDb_CaseUITestsLaunchTests.swift */,
			);
			path = "IMDb CaseUITests";
			sourceTree = "<group>";
		};
		11C83F4728009440003B4521 /* Model */ = {
			isa = PBXGroup;
			children = (
				11C26B1428010B0F00B7F74F /* MoviesModel.swift */,
			);
			path = Model;
			sourceTree = "<group>";
		};
		11C83F4828009450003B4521 /* View */ = {
			isa = PBXGroup;
			children = (
				11A483662801B830005D57EC /* Cells */,
				11C83F1A28009389003B4521 /* Main.storyboard */,
				11C83F1828009389003B4521 /* ViewController.swift */,
				11A483642801B1F1005D57EC /* UpcomingTableView.swift */,
			);
			path = View;
			sourceTree = "<group>";
		};
		11C83F4928009458003B4521 /* ViewModel */ = {
			isa = PBXGroup;
			children = (
			);
			path = ViewModel;
			sourceTree = "<group>";
		};
		11C83F4A2800945F003B4521 /* Network */ = {
			isa = PBXGroup;
			children = (
				11A4836228010D1E005D57EC /* MovieService.swift */,
			);
			path = Network;
			sourceTree = "<group>";
		};
/* End PBXGroup section */

/* Begin PBXNativeTarget section */
		11C83F1028009389003B4521 /* IMDb Case */ = {
			isa = PBXNativeTarget;
			buildConfigurationList = 11C83F3B2800938A003B4521 /* Build configuration list for PBXNativeTarget "IMDb Case" */;
			buildPhases = (
				11C83F0D28009389003B4521 /* Sources */,
				11C83F0E28009389003B4521 /* Frameworks */,
				11C83F0F28009389003B4521 /* Resources */,
			);
			buildRules = (
			);
			dependencies = (
			);
			name = "IMDb Case";
			packageProductDependencies = (
				11C83F4528009430003B4521 /* Alamofire */,
			);
			productName = "IMDb Case";
			productReference = 11C83F1128009389003B4521 /* IMDb Case.app */;
			productType = "com.apple.product-type.application";
		};
		11C83F262800938A003B4521 /* IMDb CaseTests */ = {
			isa = PBXNativeTarget;
			buildConfigurationList = 11C83F3E2800938A003B4521 /* Build configuration list for PBXNativeTarget "IMDb CaseTests" */;
			buildPhases = (
				11C83F232800938A003B4521 /* Sources */,
				11C83F242800938A003B4521 /* Frameworks */,
				11C83F252800938A003B4521 /* Resources */,
			);
			buildRules = (
			);
			dependencies = (
				11C83F292800938A003B4521 /* PBXTargetDependency */,
			);
			name = "IMDb CaseTests";
			productName = "IMDb CaseTests";
			productReference = 11C83F272800938A003B4521 /* IMDb CaseTests.xctest */;
			productType = "com.apple.product-type.bundle.unit-test";
		};
		11C83F302800938A003B4521 /* IMDb CaseUITests */ = {
			isa = PBXNativeTarget;
			buildConfigurationList = 11C83F412800938A003B4521 /* Build configuration list for PBXNativeTarget "IMDb CaseUITests" */;
			buildPhases = (
				11C83F2D2800938A003B4521 /* Sources */,
				11C83F2E2800938A003B4521 /* Frameworks */,
				11C83F2F2800938A003B4521 /* Resources */,
			);
			buildRules = (
			);
			dependencies = (
				11C83F332800938A003B4521 /* PBXTargetDependency */,
			);
			name = "IMDb CaseUITests";
			productName = "IMDb CaseUITests";
			productReference = 11C83F312800938A003B4521 /* IMDb CaseUITests.xctest */;
			productType = "com.apple.product-type.bundle.ui-testing";
		};
/* End PBXNativeTarget section */

/* Begin PBXProject section */
		11C83F0928009389003B4521 /* Project object */ = {
			isa = PBXProject;
			attributes = {
				BuildIndependentTargetsInParallel = 1;
				LastSwiftUpdateCheck = 1330;
				LastUpgradeCheck = 1330;
				TargetAttributes = {
					11C83F1028009389003B4521 = {
						CreatedOnToolsVersion = 13.3;
					};
					11C83F262800938A003B4521 = {
						CreatedOnToolsVersion = 13.3;
						TestTargetID = 11C83F1028009389003B4521;
					};
					11C83F302800938A003B4521 = {
						CreatedOnToolsVersion = 13.3;
						TestTargetID = 11C83F1028009389003B4521;
					};
				};
			};
			buildConfigurationList = 11C83F0C28009389003B4521 /* Build configuration list for PBXProject "IMDb Case" */;
			compatibilityVersion = "Xcode 13.0";
			developmentRegion = en;
			hasScannedForEncodings = 0;
			knownRegions = (
				en,
				Base,
			);
			mainGroup = 11C83F0828009389003B4521;
			packageReferences = (
				11C83F4428009430003B4521 /* XCRemoteSwiftPackageReference "Alamofire" */,
			);
			productRefGroup = 11C83F1228009389003B4521 /* Products */;
			projectDirPath = "";
			projectRoot = "";
			targets = (
				11C83F1028009389003B4521 /* IMDb Case */,
				11C83F262800938A003B4521 /* IMDb CaseTests */,
				11C83F302800938A003B4521 /* IMDb CaseUITests */,
			);
		};
/* End PBXProject section */

/* Begin PBXResourcesBuildPhase section */
		11C83F0F28009389003B4521 /* Resources */ = {
			isa = PBXResourcesBuildPhase;
			buildActionMask = 2147483647;
			files = (
				119988762801BDBF00C51066 /* SF-Pro-Text-ThinItalic.otf in Resources */,
				119988722801BDBF00C51066 /* SF-Pro-Text-MediumItalic.otf in Resources */,
				11C83F212800938A003B4521 /* LaunchScreen.storyboard in Resources */,
				119988712801BDBF00C51066 /* SF-Pro-Text-LightItalic.otf in Resources */,
				119988792801BDBF00C51066 /* SF-Pro-Text-RegularItalic.otf in Resources */,
				1199887B2801BDBF00C51066 /* SF-Pro-Text-UltralightItalic.otf in Resources */,
				1199887D2801BDBF00C51066 /* SF-Pro-Text-Semibold.otf in Resources */,
				1199886F2801BDBF00C51066 /* SF-Pro-Text-BoldItalic.otf in Resources */,
				11C83F1E2800938A003B4521 /* Assets.xcassets in Resources */,
				1199886E2801BDBF00C51066 /* SF-Pro-Text-Bold.otf in Resources */,
				1199887E2801BDBF00C51066 /* SF-Pro-Text-Thin.otf in Resources */,
				11C83F1C28009389003B4521 /* Main.storyboard in Resources */,
				119988772801BDBF00C51066 /* SF-Pro-Text-Medium.otf in Resources */,
				1199887A2801BDBF00C51066 /* SF-Pro-Text-SemiboldItalic.otf in Resources */,
				11A4836A2801B8A9005D57EC /* UpcomingTableViewCell.xib in Resources */,
				119988732801BDBF00C51066 /* SF-Pro-Text-Black.otf in Resources */,
				119988702801BDBF00C51066 /* SF-Pro-Text-Regular.otf in Resources */,
				1199886D2801BDBF00C51066 /* SF-Pro-Text-Light.otf in Resources */,
				119988752801BDBF00C51066 /* SF-Pro-Text-BlackItalic.otf in Resources */,
				119988742801BDBF00C51066 /* SF-Pro-Text-HeavyItalic.otf in Resources */,
				119988782801BDBF00C51066 /* SF-Pro-Text-Heavy.otf in Resources */,
				1199887C2801BDBF00C51066 /* SF-Pro-Text-Ultralight.otf in Resources */,
			);
			runOnlyForDeploymentPostprocessing = 0;
		};
		11C83F252800938A003B4521 /* Resources */ = {
			isa = PBXResourcesBuildPhase;
			buildActionMask = 2147483647;
			files = (
			);
			runOnlyForDeploymentPostprocessing = 0;
		};
		11C83F2F2800938A003B4521 /* Resources */ = {
			isa = PBXResourcesBuildPhase;
			buildActionMask = 2147483647;
			files = (
			);
			runOnlyForDeploymentPostprocessing = 0;
		};
/* End PBXResourcesBuildPhase section */

/* Begin PBXSourcesBuildPhase section */
		11C83F0D28009389003B4521 /* Sources */ = {
			isa = PBXSourcesBuildPhase;
			buildActionMask = 2147483647;
			files = (
				11C83F1928009389003B4521 /* ViewController.swift in Sources */,
				11C83F1528009389003B4521 /* AppDelegate.swift in Sources */,
				11C26B1528010B0F00B7F74F /* MoviesModel.swift in Sources */,
				11A483692801B8A9005D57EC /* UpcomingTableViewCell.swift in Sources */,
				11C83F1728009389003B4521 /* SceneDelegate.swift in Sources */,
				11A4836328010D1E005D57EC /* MovieService.swift in Sources */,
				11A483652801B1F1005D57EC /* UpcomingTableView.swift in Sources */,
			);
			runOnlyForDeploymentPostprocessing = 0;
		};
		11C83F232800938A003B4521 /* Sources */ = {
			isa = PBXSourcesBuildPhase;
			buildActionMask = 2147483647;
			files = (
				11C83F2C2800938A003B4521 /* IMDb_CaseTests.swift in Sources */,
			);
			runOnlyForDeploymentPostprocessing = 0;
		};
		11C83F2D2800938A003B4521 /* Sources */ = {
			isa = PBXSourcesBuildPhase;
			buildActionMask = 2147483647;
			files = (
				11C83F382800938A003B4521 /* IMDb_CaseUITestsLaunchTests.swift in Sources */,
				11C83F362800938A003B4521 /* IMDb_CaseUITests.swift in Sources */,
			);
			runOnlyForDeploymentPostprocessing = 0;
		};
/* End PBXSourcesBuildPhase section */

/* Begin PBXTargetDependency section */
		11C83F292800938A003B4521 /* PBXTargetDependency */ = {
			isa = PBXTargetDependency;
			target = 11C83F1028009389003B4521 /* IMDb Case */;
			targetProxy = 11C83F282800938A003B4521 /* PBXContainerItemProxy */;
		};
		11C83F332800938A003B4521 /* PBXTargetDependency */ = {
			isa = PBXTargetDependency;
			target = 11C83F1028009389003B4521 /* IMDb Case */;
			targetProxy = 11C83F322800938A003B4521 /* PBXContainerItemProxy */;
		};
/* End PBXTargetDependency section */

/* Begin PBXVariantGroup section */
		11C83F1A28009389003B4521 /* Main.storyboard */ = {
			isa = PBXVariantGroup;
			children = (
				11C83F1B28009389003B4521 /* Base */,
			);
			name = Main.storyboard;
			sourceTree = "<group>";
		};
		11C83F1F2800938A003B4521 /* LaunchScreen.storyboard */ = {
			isa = PBXVariantGroup;
			children = (
				11C83F202800938A003B4521 /* Base */,
			);
			name = LaunchScreen.storyboard;
			sourceTree = "<group>";
		};
/* End PBXVariantGroup section */

/* Begin XCBuildConfiguration section */
		11C83F392800938A003B4521 /* Debug */ = {
			isa = XCBuildConfiguration;
			buildSettings = {
				ALWAYS_SEARCH_USER_PATHS = NO;
				CLANG_ANALYZER_NONNULL = YES;
				CLANG_ANALYZER_NUMBER_OBJECT_CONVERSION = YES_AGGRESSIVE;
				CLANG_CXX_LANGUAGE_STANDARD = "gnu++17";
				CLANG_ENABLE_MODULES = YES;
				CLANG_ENABLE_OBJC_ARC = YES;
				CLANG_ENABLE_OBJC_WEAK = YES;
				CLANG_WARN_BLOCK_CAPTURE_AUTORELEASING = YES;
				CLANG_WARN_BOOL_CONVERSION = YES;
				CLANG_WARN_COMMA = YES;
				CLANG_WARN_CONSTANT_CONVERSION = YES;
				CLANG_WARN_DEPRECATED_OBJC_IMPLEMENTATIONS = YES;
				CLANG_WARN_DIRECT_OBJC_ISA_USAGE = YES_ERROR;
				CLANG_WARN_DOCUMENTATION_COMMENTS = YES;
				CLANG_WARN_EMPTY_BODY = YES;
				CLANG_WARN_ENUM_CONVERSION = YES;
				CLANG_WARN_INFINITE_RECURSION = YES;
				CLANG_WARN_INT_CONVERSION = YES;
				CLANG_WARN_NON_LITERAL_NULL_CONVERSION = YES;
				CLANG_WARN_OBJC_IMPLICIT_RETAIN_SELF = YES;
				CLANG_WARN_OBJC_LITERAL_CONVERSION = YES;
				CLANG_WARN_OBJC_ROOT_CLASS = YES_ERROR;
				CLANG_WARN_QUOTED_INCLUDE_IN_FRAMEWORK_HEADER = YES;
				CLANG_WARN_RANGE_LOOP_ANALYSIS = YES;
				CLANG_WARN_STRICT_PROTOTYPES = YES;
				CLANG_WARN_SUSPICIOUS_MOVE = YES;
				CLANG_WARN_UNGUARDED_AVAILABILITY = YES_AGGRESSIVE;
				CLANG_WARN_UNREACHABLE_CODE = YES;
				CLANG_WARN__DUPLICATE_METHOD_MATCH = YES;
				COPY_PHASE_STRIP = NO;
				DEBUG_INFORMATION_FORMAT = dwarf;
				ENABLE_STRICT_OBJC_MSGSEND = YES;
				ENABLE_TESTABILITY = YES;
				GCC_C_LANGUAGE_STANDARD = gnu11;
				GCC_DYNAMIC_NO_PIC = NO;
				GCC_NO_COMMON_BLOCKS = YES;
				GCC_OPTIMIZATION_LEVEL = 0;
				GCC_PREPROCESSOR_DEFINITIONS = (
					"DEBUG=1",
					"$(inherited)",
				);
				GCC_WARN_64_TO_32_BIT_CONVERSION = YES;
				GCC_WARN_ABOUT_RETURN_TYPE = YES_ERROR;
				GCC_WARN_UNDECLARED_SELECTOR = YES;
				GCC_WARN_UNINITIALIZED_AUTOS = YES_AGGRESSIVE;
				GCC_WARN_UNUSED_FUNCTION = YES;
				GCC_WARN_UNUSED_VARIABLE = YES;
				IPHONEOS_DEPLOYMENT_TARGET = 15.4;
				MTL_ENABLE_DEBUG_INFO = INCLUDE_SOURCE;
				MTL_FAST_MATH = YES;
				ONLY_ACTIVE_ARCH = YES;
				SDKROOT = iphoneos;
				SWIFT_ACTIVE_COMPILATION_CONDITIONS = DEBUG;
				SWIFT_OPTIMIZATION_LEVEL = "-Onone";
			};
			name = Debug;
		};
		11C83F3A2800938A003B4521 /* Release */ = {
			isa = XCBuildConfiguration;
			buildSettings = {
				ALWAYS_SEARCH_USER_PATHS = NO;
				CLANG_ANALYZER_NONNULL = YES;
				CLANG_ANALYZER_NUMBER_OBJECT_CONVERSION = YES_AGGRESSIVE;
				CLANG_CXX_LANGUAGE_STANDARD = "gnu++17";
				CLANG_ENABLE_MODULES = YES;
				CLANG_ENABLE_OBJC_ARC = YES;
				CLANG_ENABLE_OBJC_WEAK = YES;
				CLANG_WARN_BLOCK_CAPTURE_AUTORELEASING = YES;
				CLANG_WARN_BOOL_CONVERSION = YES;
				CLANG_WARN_COMMA = YES;
				CLANG_WARN_CONSTANT_CONVERSION = YES;
				CLANG_WARN_DEPRECATED_OBJC_IMPLEMENTATIONS = YES;
				CLANG_WARN_DIRECT_OBJC_ISA_USAGE = YES_ERROR;
				CLANG_WARN_DOCUMENTATION_COMMENTS = YES;
				CLANG_WARN_EMPTY_BODY = YES;
				CLANG_WARN_ENUM_CONVERSION = YES;
				CLANG_WARN_INFINITE_RECURSION = YES;
				CLANG_WARN_INT_CONVERSION = YES;
				CLANG_WARN_NON_LITERAL_NULL_CONVERSION = YES;
				CLANG_WARN_OBJC_IMPLICIT_RETAIN_SELF = YES;
				CLANG_WARN_OBJC_LITERAL_CONVERSION = YES;
				CLANG_WARN_OBJC_ROOT_CLASS = YES_ERROR;
				CLANG_WARN_QUOTED_INCLUDE_IN_FRAMEWORK_HEADER = YES;
				CLANG_WARN_RANGE_LOOP_ANALYSIS = YES;
				CLANG_WARN_STRICT_PROTOTYPES = YES;
				CLANG_WARN_SUSPICIOUS_MOVE = YES;
				CLANG_WARN_UNGUARDED_AVAILABILITY = YES_AGGRESSIVE;
				CLANG_WARN_UNREACHABLE_CODE = YES;
				CLANG_WARN__DUPLICATE_METHOD_MATCH = YES;
				COPY_PHASE_STRIP = NO;
				DEBUG_INFORMATION_FORMAT = "dwarf-with-dsym";
				ENABLE_NS_ASSERTIONS = NO;
				ENABLE_STRICT_OBJC_MSGSEND = YES;
				GCC_C_LANGUAGE_STANDARD = gnu11;
				GCC_NO_COMMON_BLOCKS = YES;
				GCC_WARN_64_TO_32_BIT_CONVERSION = YES;
				GCC_WARN_ABOUT_RETURN_TYPE = YES_ERROR;
				GCC_WARN_UNDECLARED_SELECTOR = YES;
				GCC_WARN_UNINITIALIZED_AUTOS = YES_AGGRESSIVE;
				GCC_WARN_UNUSED_FUNCTION = YES;
				GCC_WARN_UNUSED_VARIABLE = YES;
				IPHONEOS_DEPLOYMENT_TARGET = 15.4;
				MTL_ENABLE_DEBUG_INFO = NO;
				MTL_FAST_MATH = YES;
				SDKROOT = iphoneos;
				SWIFT_COMPILATION_MODE = wholemodule;
				SWIFT_OPTIMIZATION_LEVEL = "-O";
				VALIDATE_PRODUCT = YES;
			};
			name = Release;
		};
		11C83F3C2800938A003B4521 /* Debug */ = {
			isa = XCBuildConfiguration;
			buildSettings = {
				ASSETCATALOG_COMPILER_APPICON_NAME = AppIcon;
				ASSETCATALOG_COMPILER_GLOBAL_ACCENT_COLOR_NAME = AccentColor;
				CODE_SIGN_STYLE = Automatic;
				CURRENT_PROJECT_VERSION = 1;
				DEVELOPMENT_TEAM = KGD2P78GRS;
				GENERATE_INFOPLIST_FILE = YES;
				INFOPLIST_FILE = "IMDb Case/Info.plist";
				INFOPLIST_KEY_UIApplicationSupportsIndirectInputEvents = YES;
				INFOPLIST_KEY_UILaunchStoryboardName = LaunchScreen;
				INFOPLIST_KEY_UIMainStoryboardFile = Main;
				INFOPLIST_KEY_UISupportedInterfaceOrientations_iPad = "UIInterfaceOrientationPortrait UIInterfaceOrientationPortraitUpsideDown UIInterfaceOrientationLandscapeLeft UIInterfaceOrientationLandscapeRight";
				INFOPLIST_KEY_UISupportedInterfaceOrientations_iPhone = "UIInterfaceOrientationPortrait UIInterfaceOrientationLandscapeLeft UIInterfaceOrientationLandscapeRight";
				LD_RUNPATH_SEARCH_PATHS = (
					"$(inherited)",
					"@executable_path/Frameworks",
				);
				MARKETING_VERSION = 1.0;
				PRODUCT_BUNDLE_IDENTIFIER = "com.ahmetfahriyener.IMDb-Case";
				PRODUCT_NAME = "$(TARGET_NAME)";
				SWIFT_EMIT_LOC_STRINGS = YES;
				SWIFT_VERSION = 5.0;
				TARGETED_DEVICE_FAMILY = "1,2";
			};
			name = Debug;
		};
		11C83F3D2800938A003B4521 /* Release */ = {
			isa = XCBuildConfiguration;
			buildSettings = {
				ASSETCATALOG_COMPILER_APPICON_NAME = AppIcon;
				ASSETCATALOG_COMPILER_GLOBAL_ACCENT_COLOR_NAME = AccentColor;
				CODE_SIGN_STYLE = Automatic;
				CURRENT_PROJECT_VERSION = 1;
				DEVELOPMENT_TEAM = KGD2P78GRS;
				GENERATE_INFOPLIST_FILE = YES;
				INFOPLIST_FILE = "IMDb Case/Info.plist";
				INFOPLIST_KEY_UIApplicationSupportsIndirectInputEvents = YES;
				INFOPLIST_KEY_UILaunchStoryboardName = LaunchScreen;
				INFOPLIST_KEY_UIMainStoryboardFile = Main;
				INFOPLIST_KEY_UISupportedInterfaceOrientations_iPad = "UIInterfaceOrientationPortrait UIInterfaceOrientationPortraitUpsideDown UIInterfaceOrientationLandscapeLeft UIInterfaceOrientationLandscapeRight";
				INFOPLIST_KEY_UISupportedInterfaceOrientations_iPhone = "UIInterfaceOrientationPortrait UIInterfaceOrientationLandscapeLeft UIInterfaceOrientationLandscapeRight";
				LD_RUNPATH_SEARCH_PATHS = (
					"$(inherited)",
					"@executable_path/Frameworks",
				);
				MARKETING_VERSION = 1.0;
				PRODUCT_BUNDLE_IDENTIFIER = "com.ahmetfahriyener.IMDb-Case";
				PRODUCT_NAME = "$(TARGET_NAME)";
				SWIFT_EMIT_LOC_STRINGS = YES;
				SWIFT_VERSION = 5.0;
				TARGETED_DEVICE_FAMILY = "1,2";
			};
			name = Release;
		};
		11C83F3F2800938A003B4521 /* Debug */ = {
			isa = XCBuildConfiguration;
			buildSettings = {
				ALWAYS_EMBED_SWIFT_STANDARD_LIBRARIES = YES;
				BUNDLE_LOADER = "$(TEST_HOST)";
				CODE_SIGN_STYLE = Automatic;
				CURRENT_PROJECT_VERSION = 1;
				DEVELOPMENT_TEAM = KGD2P78GRS;
				GENERATE_INFOPLIST_FILE = YES;
				IPHONEOS_DEPLOYMENT_TARGET = 15.4;
				MARKETING_VERSION = 1.0;
				PRODUCT_BUNDLE_IDENTIFIER = "com.ahmetfahriyener.IMDb-CaseTests";
				PRODUCT_NAME = "$(TARGET_NAME)";
				SWIFT_EMIT_LOC_STRINGS = NO;
				SWIFT_VERSION = 5.0;
				TARGETED_DEVICE_FAMILY = "1,2";
				TEST_HOST = "$(BUILT_PRODUCTS_DIR)/IMDb Case.app/IMDb Case";
			};
			name = Debug;
		};
		11C83F402800938A003B4521 /* Release */ = {
			isa = XCBuildConfiguration;
			buildSettings = {
				ALWAYS_EMBED_SWIFT_STANDARD_LIBRARIES = YES;
				BUNDLE_LOADER = "$(TEST_HOST)";
				CODE_SIGN_STYLE = Automatic;
				CURRENT_PROJECT_VERSION = 1;
				DEVELOPMENT_TEAM = KGD2P78GRS;
				GENERATE_INFOPLIST_FILE = YES;
				IPHONEOS_DEPLOYMENT_TARGET = 15.4;
				MARKETING_VERSION = 1.0;
				PRODUCT_BUNDLE_IDENTIFIER = "com.ahmetfahriyener.IMDb-CaseTests";
				PRODUCT_NAME = "$(TARGET_NAME)";
				SWIFT_EMIT_LOC_STRINGS = NO;
				SWIFT_VERSION = 5.0;
				TARGETED_DEVICE_FAMILY = "1,2";
				TEST_HOST = "$(BUILT_PRODUCTS_DIR)/IMDb Case.app/IMDb Case";
			};
			name = Release;
		};
		11C83F422800938A003B4521 /* Debug */ = {
			isa = XCBuildConfiguration;
			buildSettings = {
				ALWAYS_EMBED_SWIFT_STANDARD_LIBRARIES = YES;
				CODE_SIGN_STYLE = Automatic;
				CURRENT_PROJECT_VERSION = 1;
				DEVELOPMENT_TEAM = KGD2P78GRS;
				GENERATE_INFOPLIST_FILE = YES;
				MARKETING_VERSION = 1.0;
				PRODUCT_BUNDLE_IDENTIFIER = "com.ahmetfahriyener.IMDb-CaseUITests";
				PRODUCT_NAME = "$(TARGET_NAME)";
				SWIFT_EMIT_LOC_STRINGS = NO;
				SWIFT_VERSION = 5.0;
				TARGETED_DEVICE_FAMILY = "1,2";
				TEST_TARGET_NAME = "IMDb Case";
			};
			name = Debug;
		};
		11C83F432800938A003B4521 /* Release */ = {
			isa = XCBuildConfiguration;
			buildSettings = {
				ALWAYS_EMBED_SWIFT_STANDARD_LIBRARIES = YES;
				CODE_SIGN_STYLE = Automatic;
				CURRENT_PROJECT_VERSION = 1;
				DEVELOPMENT_TEAM = KGD2P78GRS;
				GENERATE_INFOPLIST_FILE = YES;
				MARKETING_VERSION = 1.0;
				PRODUCT_BUNDLE_IDENTIFIER = "com.ahmetfahriyener.IMDb-CaseUITests";
				PRODUCT_NAME = "$(TARGET_NAME)";
				SWIFT_EMIT_LOC_STRINGS = NO;
				SWIFT_VERSION = 5.0;
				TARGETED_DEVICE_FAMILY = "1,2";
				TEST_TARGET_NAME = "IMDb Case";
			};
			name = Release;
		};
/* End XCBuildConfiguration section */

/* Begin XCConfigurationList section */
		11C83F0C28009389003B4521 /* Build configuration list for PBXProject "IMDb Case" */ = {
			isa = XCConfigurationList;
			buildConfigurations = (
				11C83F392800938A003B4521 /* Debug */,
				11C83F3A2800938A003B4521 /* Release */,
			);
			defaultConfigurationIsVisible = 0;
			defaultConfigurationName = Release;
		};
		11C83F3B2800938A003B4521 /* Build configuration list for PBXNativeTarget "IMDb Case" */ = {
			isa = XCConfigurationList;
			buildConfigurations = (
				11C83F3C2800938A003B4521 /* Debug */,
				11C83F3D2800938A003B4521 /* Release */,
			);
			defaultConfigurationIsVisible = 0;
			defaultConfigurationName = Release;
		};
		11C83F3E2800938A003B4521 /* Build configuration list for PBXNativeTarget "IMDb CaseTests" */ = {
			isa = XCConfigurationList;
			buildConfigurations = (
				11C83F3F2800938A003B4521 /* Debug */,
				11C83F402800938A003B4521 /* Release */,
			);
			defaultConfigurationIsVisible = 0;
			defaultConfigurationName = Release;
		};
		11C83F412800938A003B4521 /* Build configuration list for PBXNativeTarget "IMDb CaseUITests" */ = {
			isa = XCConfigurationList;
			buildConfigurations = (
				11C83F422800938A003B4521 /* Debug */,
				11C83F432800938A003B4521 /* Release */,
			);
			defaultConfigurationIsVisible = 0;
			defaultConfigurationName = Release;
		};
/* End XCConfigurationList section */

/* Begin XCRemoteSwiftPackageReference section */
		11C83F4428009430003B4521 /* XCRemoteSwiftPackageReference "Alamofire" */ = {
			isa = XCRemoteSwiftPackageReference;
			repositoryURL = "https://github.com/Alamofire/Alamofire.git";
			requirement = {
				kind = upToNextMajorVersion;
				minimumVersion = 5.0.0;
			};
		};
/* End XCRemoteSwiftPackageReference section */

/* Begin XCSwiftPackageProductDependency section */
		11C83F4528009430003B4521 /* Alamofire */ = {
			isa = XCSwiftPackageProductDependency;
			package = 11C83F4428009430003B4521 /* XCRemoteSwiftPackageReference "Alamofire" */;
			productName = Alamofire;
		};
/* End XCSwiftPackageProductDependency section */
	};
	rootObject = 11C83F0928009389003B4521 /* Project object */;
}
